// !$*UTF8*$!
{
	archiveVersion = 1;
	classes = {
	};
	objectVersion = 55;
	objects = {

/* Begin PBXBuildFile section */
		31F958FE27303A3700BF0256 /* AppDelegate.swift in Sources */ = {isa = PBXBuildFile; fileRef = 31F958FD27303A3700BF0256 /* AppDelegate.swift */; };
		31F9590027303A3700BF0256 /* SceneDelegate.swift in Sources */ = {isa = PBXBuildFile; fileRef = 31F958FF27303A3700BF0256 /* SceneDelegate.swift */; };
		31F9590227303A3700BF0256 /* ViewController.swift in Sources */ = {isa = PBXBuildFile; fileRef = 31F9590127303A3700BF0256 /* ViewController.swift */; };
		31F9590527303A3700BF0256 /* Main.storyboard in Resources */ = {isa = PBXBuildFile; fileRef = 31F9590327303A3700BF0256 /* Main.storyboard */; };
		31F9590727303A3900BF0256 /* Assets.xcassets in Resources */ = {isa = PBXBuildFile; fileRef = 31F9590627303A3900BF0256 /* Assets.xcassets */; };
		31F9590A27303A3900BF0256 /* LaunchScreen.storyboard in Resources */ = {isa = PBXBuildFile; fileRef = 31F9590827303A3900BF0256 /* LaunchScreen.storyboard */; };
		31F9591527303A3900BF0256 /* FindMyAgeeTests.swift in Sources */ = {isa = PBXBuildFile; fileRef = 31F9591427303A3900BF0256 /* FindMyAgeeTests.swift */; };
		31F9591F27303A3900BF0256 /* FindMyAgeeUITests.swift in Sources */ = {isa = PBXBuildFile; fileRef = 31F9591E27303A3900BF0256 /* FindMyAgeeUITests.swift */; };
		31F9592127303A3900BF0256 /* FindMyAgeeUITestsLaunchTests.swift in Sources */ = {isa = PBXBuildFile; fileRef = 31F9592027303A3900BF0256 /* FindMyAgeeUITestsLaunchTests.swift */; };
/* End PBXBuildFile section */

/* Begin PBXContainerItemProxy section */
		31F9591127303A3900BF0256 /* PBXContainerItemProxy */ = {
			isa = PBXContainerItemProxy;
			containerPortal = 31F958F227303A3700BF0256 /* Project object */;
			proxyType = 1;
			remoteGlobalIDString = 31F958F927303A3700BF0256;
			remoteInfo = FindMyAgee;
		};
		31F9591B27303A3900BF0256 /* PBXContainerItemProxy */ = {
			isa = PBXContainerItemProxy;
			containerPortal = 31F958F227303A3700BF0256 /* Project object */;
			proxyType = 1;
			remoteGlobalIDString = 31F958F927303A3700BF0256;
			remoteInfo = FindMyAgee;
		};
/* End PBXContainerItemProxy section */

/* Begin PBXFileReference section */
		31F958FA27303A3700BF0256 /* FindMyAgee.app */ = {isa = PBXFileReference; explicitFileType = wrapper.application; includeInIndex = 0; path = FindMyAgee.app; sourceTree = BUILT_PRODUCTS_DIR; };
		31F958FD27303A3700BF0256 /* AppDelegate.swift */ = {isa = PBXFileReference; lastKnownFileType = sourcecode.swift; path = AppDelegate.swift; sourceTree = "<group>"; };
		31F958FF27303A3700BF0256 /* SceneDelegate.swift */ = {isa = PBXFileReference; lastKnownFileType = sourcecode.swift; path = SceneDelegate.swift; sourceTree = "<group>"; };
		31F9590127303A3700BF0256 /* ViewController.swift */ = {isa = PBXFileReference; lastKnownFileType = sourcecode.swift; path = ViewController.swift; sourceTree = "<group>"; };
		31F9590427303A3700BF0256 /* Base */ = {isa = PBXFileReference; lastKnownFileType = file.storyboard; name = Base; path = Base.lproj/Main.storyboard; sourceTree = "<group>"; };
		31F9590627303A3900BF0256 /* Assets.xcassets */ = {isa = PBXFileReference; lastKnownFileType = folder.assetcatalog; path = Assets.xcassets; sourceTree = "<group>"; };
		31F9590927303A3900BF0256 /* Base */ = {isa = PBXFileReference; lastKnownFileType = file.storyboard; name = Base; path = Base.lproj/LaunchScreen.storyboard; sourceTree = "<group>"; };
		31F9590B27303A3900BF0256 /* Info.plist */ = {isa = PBXFileReference; lastKnownFileType = text.plist.xml; path = Info.plist; sourceTree = "<group>"; };
		31F9591027303A3900BF0256 /* FindMyAgeeTests.xctest */ = {isa = PBXFileReference; explicitFileType = wrapper.cfbundle; includeInIndex = 0; path = FindMyAgeeTests.xctest; sourceTree = BUILT_PRODUCTS_DIR; };
		31F9591427303A3900BF0256 /* FindMyAgeeTests.swift */ = {isa = PBXFileReference; lastKnownFileType = sourcecode.swift; path = FindMyAgeeTests.swift; sourceTree = "<group>"; };
		31F9591A27303A3900BF0256 /* FindMyAgeeUITests.xctest */ = {isa = PBXFileReference; explicitFileType = wrapper.cfbundle; includeInIndex = 0; path = FindMyAgeeUITests.xctest; sourceTree = BUILT_PRODUCTS_DIR; };
		31F9591E27303A3900BF0256 /* FindMyAgeeUITests.swift */ = {isa = PBXFileReference; lastKnownFileType = sourcecode.swift; path = FindMyAgeeUITests.swift; sourceTree = "<group>"; };
		31F9592027303A3900BF0256 /* FindMyAgeeUITestsLaunchTests.swift */ = {isa = PBXFileReference; lastKnownFileType = sourcecode.swift; path = FindMyAgeeUITestsLaunchTests.swift; sourceTree = "<group>"; };
/* End PBXFileReference section */

/* Begin PBXFrameworksBuildPhase section */
		31F958F727303A3700BF0256 /* Frameworks */ = {
			isa = PBXFrameworksBuildPhase;
			buildActionMask = 2147483647;
			files = (
			);
			runOnlyForDeploymentPostprocessing = 0;
		};
		31F9590D27303A3900BF0256 /* Frameworks */ = {
			isa = PBXFrameworksBuildPhase;
			buildActionMask = 2147483647;
			files = (
			);
			runOnlyForDeploymentPostprocessing = 0;
		};
		31F9591727303A3900BF0256 /* Frameworks */ = {
			isa = PBXFrameworksBuildPhase;
			buildActionMask = 2147483647;
			files = (
			);
			runOnlyForDeploymentPostprocessing = 0;
		};
/* End PBXFrameworksBuildPhase section */

/* Begin PBXGroup section */
		31F958F127303A3700BF0256 = {
			isa = PBXGroup;
			children = (
				31F958FC27303A3700BF0256 /* FindMyAgee */,
				31F9591327303A3900BF0256 /* FindMyAgeeTests */,
				31F9591D27303A3900BF0256 /* FindMyAgeeUITests */,
				31F958FB27303A3700BF0256 /* Products */,
			);
			sourceTree = "<group>";
		};
		31F958FB27303A3700BF0256 /* Products */ = {
			isa = PBXGroup;
			children = (
				31F958FA27303A3700BF0256 /* FindMyAgee.app */,
				31F9591027303A3900BF0256 /* FindMyAgeeTests.xctest */,
				31F9591A27303A3900BF0256 /* FindMyAgeeUITests.xctest */,
			);
			name = Products;
			sourceTree = "<group>";
		};
		31F958FC27303A3700BF0256 /* FindMyAgee */ = {
			isa = PBXGroup;
			children = (
				31F958FD27303A3700BF0256 /* AppDelegate.swift */,
				31F958FF27303A3700BF0256 /* SceneDelegate.swift */,
				31F9590127303A3700BF0256 /* ViewController.swift */,
				31F9590327303A3700BF0256 /* Main.storyboard */,
				31F9590627303A3900BF0256 /* Assets.xcassets */,
				31F9590827303A3900BF0256 /* LaunchScreen.storyboard */,
				31F9590B27303A3900BF0256 /* Info.plist */,
			);
			path = FindMyAgee;
			sourceTree = "<group>";
		};
		31F9591327303A3900BF0256 /* FindMyAgeeTests */ = {
			isa = PBXGroup;
			children = (
				31F9591427303A3900BF0256 /* FindMyAgeeTests.swift */,
			);
			path = FindMyAgeeTests;
			sourceTree = "<group>";
		};
		31F9591D27303A3900BF0256 /* FindMyAgeeUITests */ = {
			isa = PBXGroup;
			children = (
				31F9591E27303A3900BF0256 /* FindMyAgeeUITests.swift */,
				31F9592027303A3900BF0256 /* FindMyAgeeUITestsLaunchTests.swift */,
			);
			path = FindMyAgeeUITests;
			sourceTree = "<group>";
		};
/* End PBXGroup section */

/* Begin PBXNativeTarget section */
		31F958F927303A3700BF0256 /* FindMyAgee */ = {
			isa = PBXNativeTarget;
			buildConfigurationList = 31F9592427303A3900BF0256 /* Build configuration list for PBXNativeTarget "FindMyAgee" */;
			buildPhases = (
				31F958F627303A3700BF0256 /* Sources */,
				31F958F727303A3700BF0256 /* Frameworks */,
				31F958F827303A3700BF0256 /* Resources */,
			);
			buildRules = (
			);
			dependencies = (
			);
			name = FindMyAgee;
			productName = FindMyAgee;
			productReference = 31F958FA27303A3700BF0256 /* FindMyAgee.app */;
			productType = "com.apple.product-type.application";
		};
		31F9590F27303A3900BF0256 /* FindMyAgeeTests */ = {
			isa = PBXNativeTarget;
			buildConfigurationList = 31F9592727303A3900BF0256 /* Build configuration list for PBXNativeTarget "FindMyAgeeTests" */;
			buildPhases = (
				31F9590C27303A3900BF0256 /* Sources */,
				31F9590D27303A3900BF0256 /* Frameworks */,
				31F9590E27303A3900BF0256 /* Resources */,
			);
			buildRules = (
			);
			dependencies = (
				31F9591227303A3900BF0256 /* PBXTargetDependency */,
			);
			name = FindMyAgeeTests;
			productName = FindMyAgeeTests;
			productReference = 31F9591027303A3900BF0256 /* FindMyAgeeTests.xctest */;
			productType = "com.apple.product-type.bundle.unit-test";
		};
		31F9591927303A3900BF0256 /* FindMyAgeeUITests */ = {
			isa = PBXNativeTarget;
			buildConfigurationList = 31F9592A27303A3900BF0256 /* Build configuration list for PBXNativeTarget "FindMyAgeeUITests" */;
			buildPhases = (
				31F9591627303A3900BF0256 /* Sources */,
				31F9591727303A3900BF0256 /* Frameworks */,
				31F9591827303A3900BF0256 /* Resources */,
			);
			buildRules = (
			);
			dependencies = (
				31F9591C27303A3900BF0256 /* PBXTargetDependency */,
			);
			name = FindMyAgeeUITests;
			productName = FindMyAgeeUITests;
			productReference = 31F9591A27303A3900BF0256 /* FindMyAgeeUITests.xctest */;
			productType = "com.apple.product-type.bundle.ui-testing";
		};
/* End PBXNativeTarget section */

/* Begin PBXProject section */
		31F958F227303A3700BF0256 /* Project object */ = {
			isa = PBXProject;
			attributes = {
				BuildIndependentTargetsInParallel = 1;
				LastSwiftUpdateCheck = 1310;
				LastUpgradeCheck = 1310;
				TargetAttributes = {
					31F958F927303A3700BF0256 = {
						CreatedOnToolsVersion = 13.1;
					};
					31F9590F27303A3900BF0256 = {
						CreatedOnToolsVersion = 13.1;
						TestTargetID = 31F958F927303A3700BF0256;
					};
					31F9591927303A3900BF0256 = {
						CreatedOnToolsVersion = 13.1;
						TestTargetID = 31F958F927303A3700BF0256;
					};
				};
			};
			buildConfigurationList = 31F958F527303A3700BF0256 /* Build configuration list for PBXProject "FindMyAgee" */;
			compatibilityVersion = "Xcode 13.0";
			developmentRegion = en;
			hasScannedForEncodings = 0;
			knownRegions = (
				en,
				Base,
			);
			mainGroup = 31F958F127303A3700BF0256;
			productRefGroup = 31F958FB27303A3700BF0256 /* Products */;
			projectDirPath = "";
			projectRoot = "";
			targets = (
				31F958F927303A3700BF0256 /* FindMyAgee */,
				31F9590F27303A3900BF0256 /* FindMyAgeeTests */,
				31F9591927303A3900BF0256 /* FindMyAgeeUITests */,
			);
		};
/* End PBXProject section */

/* Begin PBXResourcesBuildPhase section */
		31F958F827303A3700BF0256 /* Resources */ = {
			isa = PBXResourcesBuildPhase;
			buildActionMask = 2147483647;
			files = (
				31F9590A27303A3900BF0256 /* LaunchScreen.storyboard in Resources */,
				31F9590727303A3900BF0256 /* Assets.xcassets in Resources */,
				31F9590527303A3700BF0256 /* Main.storyboard in Resources */,
			);
			runOnlyForDeploymentPostprocessing = 0;
		};
		31F9590E27303A3900BF0256 /* Resources */ = {
			isa = PBXResourcesBuildPhase;
			buildActionMask = 2147483647;
			files = (
			);
			runOnlyForDeploymentPostprocessing = 0;
		};
		31F9591827303A3900BF0256 /* Resources */ = {
			isa = PBXResourcesBuildPhase;
			buildActionMask = 2147483647;
			files = (
			);
			runOnlyForDeploymentPostprocessing = 0;
		};
/* End PBXResourcesBuildPhase section */

/* Begin PBXSourcesBuildPhase section */
		31F958F627303A3700BF0256 /* Sources */ = {
			isa = PBXSourcesBuildPhase;
			buildActionMask = 2147483647;
			files = (
				31F9590227303A3700BF0256 /* ViewController.swift in Sources */,
				31F958FE27303A3700BF0256 /* AppDelegate.swift in Sources */,
				31F9590027303A3700BF0256 /* SceneDelegate.swift in Sources */,
			);
			runOnlyForDeploymentPostprocessing = 0;
		};
		31F9590C27303A3900BF0256 /* Sources */ = {
			isa = PBXSourcesBuildPhase;
			buildActionMask = 2147483647;
			files = (
				31F9591527303A3900BF0256 /* FindMyAgeeTests.swift in Sources */,
			);
			runOnlyForDeploymentPostprocessing = 0;
		};
		31F9591627303A3900BF0256 /* Sources */ = {
			isa = PBXSourcesBuildPhase;
			buildActionMask = 2147483647;
			files = (
				31F9591F27303A3900BF0256 /* FindMyAgeeUITests.swift in Sources */,
				31F9592127303A3900BF0256 /* FindMyAgeeUITestsLaunchTests.swift in Sources */,
			);
			runOnlyForDeploymentPostprocessing = 0;
		};
/* End PBXSourcesBuildPhase section */

/* Begin PBXTargetDependency section */
		31F9591227303A3900BF0256 /* PBXTargetDependency */ = {
			isa = PBXTargetDependency;
			target = 31F958F927303A3700BF0256 /* FindMyAgee */;
			targetProxy = 31F9591127303A3900BF0256 /* PBXContainerItemProxy */;
		};
		31F9591C27303A3900BF0256 /* PBXTargetDependency */ = {
			isa = PBXTargetDependency;
			target = 31F958F927303A3700BF0256 /* FindMyAgee */;
			targetProxy = 31F9591B27303A3900BF0256 /* PBXContainerItemProxy */;
		};
/* End PBXTargetDependency section */

/* Begin PBXVariantGroup section */
		31F9590327303A3700BF0256 /* Main.storyboard */ = {
			isa = PBXVariantGroup;
			children = (
				31F9590427303A3700BF0256 /* Base */,
			);
			name = Main.storyboard;
			sourceTree = "<group>";
		};
		31F9590827303A3900BF0256 /* LaunchScreen.storyboard */ = {
			isa = PBXVariantGroup;
			children = (
				31F9590927303A3900BF0256 /* Base */,
			);
			name = LaunchScreen.storyboard;
			sourceTree = "<group>";
		};
/* End PBXVariantGroup section */

/* Begin XCBuildConfiguration section */
		31F9592227303A3900BF0256 /* Debug */ = {
			isa = XCBuildConfiguration;
			buildSettings = {
				ALWAYS_SEARCH_USER_PATHS = NO;
				CLANG_ANALYZER_NONNULL = YES;
				CLANG_ANALYZER_NUMBER_OBJECT_CONVERSION = YES_AGGRESSIVE;
				CLANG_CXX_LANGUAGE_STANDARD = "gnu++17";
				CLANG_CXX_LIBRARY = "libc++";
				CLANG_ENABLE_MODULES = YES;
				CLANG_ENABLE_OBJC_ARC = YES;
				CLANG_ENABLE_OBJC_WEAK = YES;
				CLANG_WARN_BLOCK_CAPTURE_AUTORELEASING = YES;
				CLANG_WARN_BOOL_CONVERSION = YES;
				CLANG_WARN_COMMA = YES;
				CLANG_WARN_CONSTANT_CONVERSION = YES;
				CLANG_WARN_DEPRECATED_OBJC_IMPLEMENTATIONS = YES;
				CLANG_WARN_DIRECT_OBJC_ISA_USAGE = YES_ERROR;
				CLANG_WARN_DOCUMENTATION_COMMENTS = YES;
				CLANG_WARN_EMPTY_BODY = YES;
				CLANG_WARN_ENUM_CONVERSION = YES;
				CLANG_WARN_INFINITE_RECURSION = YES;
				CLANG_WARN_INT_CONVERSION = YES;
				CLANG_WARN_NON_LITERAL_NULL_CONVERSION = YES;
				CLANG_WARN_OBJC_IMPLICIT_RETAIN_SELF = YES;
				CLANG_WARN_OBJC_LITERAL_CONVERSION = YES;
				CLANG_WARN_OBJC_ROOT_CLASS = YES_ERROR;
				CLANG_WARN_QUOTED_INCLUDE_IN_FRAMEWORK_HEADER = YES;
				CLANG_WARN_RANGE_LOOP_ANALYSIS = YES;
				CLANG_WARN_STRICT_PROTOTYPES = YES;
				CLANG_WARN_SUSPICIOUS_MOVE = YES;
				CLANG_WARN_UNGUARDED_AVAILABILITY = YES_AGGRESSIVE;
				CLANG_WARN_UNREACHABLE_CODE = YES;
				CLANG_WARN__DUPLICATE_METHOD_MATCH = YES;
				COPY_PHASE_STRIP = NO;
				DEBUG_INFORMATION_FORMAT = dwarf;
				ENABLE_STRICT_OBJC_MSGSEND = YES;
				ENABLE_TESTABILITY = YES;
				GCC_C_LANGUAGE_STANDARD = gnu11;
				GCC_DYNAMIC_NO_PIC = NO;
				GCC_NO_COMMON_BLOCKS = YES;
				GCC_OPTIMIZATION_LEVEL = 0;
				GCC_PREPROCESSOR_DEFINITIONS = (
					"DEBUG=1",
					"$(inherited)",
				);
				GCC_WARN_64_TO_32_BIT_CONVERSION = YES;
				GCC_WARN_ABOUT_RETURN_TYPE = YES_ERROR;
				GCC_WARN_UNDECLARED_SELECTOR = YES;
				GCC_WARN_UNINITIALIZED_AUTOS = YES_AGGRESSIVE;
				GCC_WARN_UNUSED_FUNCTION = YES;
				GCC_WARN_UNUSED_VARIABLE = YES;
				IPHONEOS_DEPLOYMENT_TARGET = 15.0;
				MTL_ENABLE_DEBUG_INFO = INCLUDE_SOURCE;
				MTL_FAST_MATH = YES;
				ONLY_ACTIVE_ARCH = YES;
				SDKROOT = iphoneos;
				SWIFT_ACTIVE_COMPILATION_CONDITIONS = DEBUG;
				SWIFT_OPTIMIZATION_LEVEL = "-Onone";
			};
			name = Debug;
		};
		31F9592327303A3900BF0256 /* Release */ = {
			isa = XCBuildConfiguration;
			buildSettings = {
				ALWAYS_SEARCH_USER_PATHS = NO;
				CLANG_ANALYZER_NONNULL = YES;
				CLANG_ANALYZER_NUMBER_OBJECT_CONVERSION = YES_AGGRESSIVE;
				CLANG_CXX_LANGUAGE_STANDARD = "gnu++17";
				CLANG_CXX_LIBRARY = "libc++";
				CLANG_ENABLE_MODULES = YES;
				CLANG_ENABLE_OBJC_ARC = YES;
				CLANG_ENABLE_OBJC_WEAK = YES;
				CLANG_WARN_BLOCK_CAPTURE_AUTORELEASING = YES;
				CLANG_WARN_BOOL_CONVERSION = YES;
				CLANG_WARN_COMMA = YES;
				CLANG_WARN_CONSTANT_CONVERSION = YES;
				CLANG_WARN_DEPRECATED_OBJC_IMPLEMENTATIONS = YES;
				CLANG_WARN_DIRECT_OBJC_ISA_USAGE = YES_ERROR;
				CLANG_WARN_DOCUMENTATION_COMMENTS = YES;
				CLANG_WARN_EMPTY_BODY = YES;
				CLANG_WARN_ENUM_CONVERSION = YES;
				CLANG_WARN_INFINITE_RECURSION = YES;
				CLANG_WARN_INT_CONVERSION = YES;
				CLANG_WARN_NON_LITERAL_NULL_CONVERSION = YES;
				CLANG_WARN_OBJC_IMPLICIT_RETAIN_SELF = YES;
				CLANG_WARN_OBJC_LITERAL_CONVERSION = YES;
				CLANG_WARN_OBJC_ROOT_CLASS = YES_ERROR;
				CLANG_WARN_QUOTED_INCLUDE_IN_FRAMEWORK_HEADER = YES;
				CLANG_WARN_RANGE_LOOP_ANALYSIS = YES;
				CLANG_WARN_STRICT_PROTOTYPES = YES;
				CLANG_WARN_SUSPICIOUS_MOVE = YES;
				CLANG_WARN_UNGUARDED_AVAILABILITY = YES_AGGRESSIVE;
				CLANG_WARN_UNREACHABLE_CODE = YES;
				CLANG_WARN__DUPLICATE_METHOD_MATCH = YES;
				COPY_PHASE_STRIP = NO;
				DEBUG_INFORMATION_FORMAT = "dwarf-with-dsym";
				ENABLE_NS_ASSERTIONS = NO;
				ENABLE_STRICT_OBJC_MSGSEND = YES;
				GCC_C_LANGUAGE_STANDARD = gnu11;
				GCC_NO_COMMON_BLOCKS = YES;
				GCC_WARN_64_TO_32_BIT_CONVERSION = YES;
				GCC_WARN_ABOUT_RETURN_TYPE = YES_ERROR;
				GCC_WARN_UNDECLARED_SELECTOR = YES;
				GCC_WARN_UNINITIALIZED_AUTOS = YES_AGGRESSIVE;
				GCC_WARN_UNUSED_FUNCTION = YES;
				GCC_WARN_UNUSED_VARIABLE = YES;
				IPHONEOS_DEPLOYMENT_TARGET = 15.0;
				MTL_ENABLE_DEBUG_INFO = NO;
				MTL_FAST_MATH = YES;
				SDKROOT = iphoneos;
				SWIFT_COMPILATION_MODE = wholemodule;
				SWIFT_OPTIMIZATION_LEVEL = "-O";
				VALIDATE_PRODUCT = YES;
			};
			name = Release;
		};
		31F9592527303A3900BF0256 /* Debug */ = {
			isa = XCBuildConfiguration;
			buildSettings = {
				ASSETCATALOG_COMPILER_APPICON_NAME = AppIcon;
				ASSETCATALOG_COMPILER_GLOBAL_ACCENT_COLOR_NAME = AccentColor;
				CODE_SIGN_STYLE = Automatic;
				CURRENT_PROJECT_VERSION = 1;
				DEVELOPMENT_TEAM = KMJPC8NHXX;
				GENERATE_INFOPLIST_FILE = YES;
				INFOPLIST_FILE = FindMyAgee/Info.plist;
				INFOPLIST_KEY_UIApplicationSupportsIndirectInputEvents = YES;
				INFOPLIST_KEY_UILaunchStoryboardName = LaunchScreen;
				INFOPLIST_KEY_UIMainStoryboardFile = Main;
				INFOPLIST_KEY_UISupportedInterfaceOrientations_iPad = "UIInterfaceOrientationPortrait UIInterfaceOrientationPortraitUpsideDown UIInterfaceOrientationLandscapeLeft UIInterfaceOrientationLandscapeRight";
				INFOPLIST_KEY_UISupportedInterfaceOrientations_iPhone = "UIInterfaceOrientationPortrait UIInterfaceOrientationLandscapeLeft UIInterfaceOrientationLandscapeRight";
				LD_RUNPATH_SEARCH_PATHS = (
					"$(inherited)",
					"@executable_path/Frameworks",
				);
				MARKETING_VERSION = 1.0;
				PRODUCT_BUNDLE_IDENTIFIER = Rizky28eka.FindMyAgee;
				PRODUCT_NAME = "$(TARGET_NAME)";
				SWIFT_EMIT_LOC_STRINGS = YES;
				SWIFT_VERSION = 5.0;
				TARGETED_DEVICE_FAMILY = "1,2";
			};
			name = Debug;
		};
		31F9592627303A3900BF0256 /* Release */ = {
			isa = XCBuildConfiguration;
			buildSettings = {
				ASSETCATALOG_COMPILER_APPICON_NAME = AppIcon;
				ASSETCATALOG_COMPILER_GLOBAL_ACCENT_COLOR_NAME = AccentColor;
				CODE_SIGN_STYLE = Automatic;
				CURRENT_PROJECT_VERSION = 1;
				DEVELOPMENT_TEAM = KMJPC8NHXX;
				GENERATE_INFOPLIST_FILE = YES;
				INFOPLIST_FILE = FindMyAgee/Info.plist;
				INFOPLIST_KEY_UIApplicationSupportsIndirectInputEvents = YES;
				INFOPLIST_KEY_UILaunchStoryboardName = LaunchScreen;
				INFOPLIST_KEY_UIMainStoryboardFile = Main;
				INFOPLIST_KEY_UISupportedInterfaceOrientations_iPad = "UIInterfaceOrientationPortrait UIInterfaceOrientationPortraitUpsideDown UIInterfaceOrientationLandscapeLeft UIInterfaceOrientationLandscapeRight";
				INFOPLIST_KEY_UISupportedInterfaceOrientations_iPhone = "UIInterfaceOrientationPortrait UIInterfaceOrientationLandscapeLeft UIInterfaceOrientationLandscapeRight";
				LD_RUNPATH_SEARCH_PATHS = (
					"$(inherited)",
					"@executable_path/Frameworks",
				);
				MARKETING_VERSION = 1.0;
				PRODUCT_BUNDLE_IDENTIFIER = Rizky28eka.FindMyAgee;
				PRODUCT_NAME = "$(TARGET_NAME)";
				SWIFT_EMIT_LOC_STRINGS = YES;
				SWIFT_VERSION = 5.0;
				TARGETED_DEVICE_FAMILY = "1,2";
			};
			name = Release;
		};
		31F9592827303A3900BF0256 /* Debug */ = {
			isa = XCBuildConfiguration;
			buildSettings = {
				ALWAYS_EMBED_SWIFT_STANDARD_LIBRARIES = YES;
				BUNDLE_LOADER = "$(TEST_HOST)";
				CODE_SIGN_STYLE = Automatic;
				CURRENT_PROJECT_VERSION = 1;
				DEVELOPMENT_TEAM = KMJPC8NHXX;
				GENERATE_INFOPLIST_FILE = YES;
				IPHONEOS_DEPLOYMENT_TARGET = 15.0;
				LD_RUNPATH_SEARCH_PATHS = (
					"$(inherited)",
					"@executable_path/Frameworks",
					"@loader_path/Frameworks",
				);
				MARKETING_VERSION = 1.0;
				PRODUCT_BUNDLE_IDENTIFIER = Rizky28eka.FindMyAgeeTests;
				PRODUCT_NAME = "$(TARGET_NAME)";
				SWIFT_EMIT_LOC_STRINGS = NO;
				SWIFT_VERSION = 5.0;
				TARGETED_DEVICE_FAMILY = "1,2";
				TEST_HOST = "$(BUILT_PRODUCTS_DIR)/FindMyAgee.app/FindMyAgee";
			};
			name = Debug;
		};
		31F9592927303A3900BF0256 /* Release */ = {
			isa = XCBuildConfiguration;
			buildSettings = {
				ALWAYS_EMBED_SWIFT_STANDARD_LIBRARIES = YES;
				BUNDLE_LOADER = "$(TEST_HOST)";
				CODE_SIGN_STYLE = Automatic;
				CURRENT_PROJECT_VERSION = 1;
				DEVELOPMENT_TEAM = KMJPC8NHXX;
				GENERATE_INFOPLIST_FILE = YES;
				IPHONEOS_DEPLOYMENT_TARGET = 15.0;
				LD_RUNPATH_SEARCH_PATHS = (
					"$(inherited)",
					"@executable_path/Frameworks",
					"@loader_path/Frameworks",
				);
				MARKETING_VERSION = 1.0;
				PRODUCT_BUNDLE_IDENTIFIER = Rizky28eka.FindMyAgeeTests;
				PRODUCT_NAME = "$(TARGET_NAME)";
				SWIFT_EMIT_LOC_STRINGS = NO;
				SWIFT_VERSION = 5.0;
				TARGETED_DEVICE_FAMILY = "1,2";
				TEST_HOST = "$(BUILT_PRODUCTS_DIR)/FindMyAgee.app/FindMyAgee";
			};
			name = Release;
		};
		31F9592B27303A3900BF0256 /* Debug */ = {
			isa = XCBuildConfiguration;
			buildSettings = {
				ALWAYS_EMBED_SWIFT_STANDARD_LIBRARIES = YES;
				CODE_SIGN_STYLE = Automatic;
				CURRENT_PROJECT_VERSION = 1;
				DEVELOPMENT_TEAM = KMJPC8NHXX;
				GENERATE_INFOPLIST_FILE = YES;
				LD_RUNPATH_SEARCH_PATHS = (
					"$(inherited)",
					"@executable_path/Frameworks",
					"@loader_path/Frameworks",
				);
				MARKETING_VERSION = 1.0;
				PRODUCT_BUNDLE_IDENTIFIER = Rizky28eka.FindMyAgeeUITests;
				PRODUCT_NAME = "$(TARGET_NAME)";
				SWIFT_EMIT_LOC_STRINGS = NO;
				SWIFT_VERSION = 5.0;
				TARGETED_DEVICE_FAMILY = "1,2";
				TEST_TARGET_NAME = FindMyAgee;
			};
			name = Debug;
		};
		31F9592C27303A3900BF0256 /* Release */ = {
			isa = XCBuildConfiguration;
			buildSettings = {
				ALWAYS_EMBED_SWIFT_STANDARD_LIBRARIES = YES;
				CODE_SIGN_STYLE = Automatic;
				CURRENT_PROJECT_VERSION = 1;
				DEVELOPMENT_TEAM = KMJPC8NHXX;
				GENERATE_INFOPLIST_FILE = YES;
				LD_RUNPATH_SEARCH_PATHS = (
					"$(inherited)",
					"@executable_path/Frameworks",
					"@loader_path/Frameworks",
				);
				MARKETING_VERSION = 1.0;
				PRODUCT_BUNDLE_IDENTIFIER = Rizky28eka.FindMyAgeeUITests;
				PRODUCT_NAME = "$(TARGET_NAME)";
				SWIFT_EMIT_LOC_STRINGS = NO;
				SWIFT_VERSION = 5.0;
				TARGETED_DEVICE_FAMILY = "1,2";
				TEST_TARGET_NAME = FindMyAgee;
			};
			name = Release;
		};
/* End XCBuildConfiguration section */

/* Begin XCConfigurationList section */
		31F958F527303A3700BF0256 /* Build configuration list for PBXProject "FindMyAgee" */ = {
			isa = XCConfigurationList;
			buildConfigurations = (
				31F9592227303A3900BF0256 /* Debug */,
				31F9592327303A3900BF0256 /* Release */,
			);
			defaultConfigurationIsVisible = 0;
			defaultConfigurationName = Release;
		};
		31F9592427303A3900BF0256 /* Build configuration list for PBXNativeTarget "FindMyAgee" */ = {
			isa = XCConfigurationList;
			buildConfigurations = (
				31F9592527303A3900BF0256 /* Debug */,
				31F9592627303A3900BF0256 /* Release */,
			);
			defaultConfigurationIsVisible = 0;
			defaultConfigurationName = Release;
		};
		31F9592727303A3900BF0256 /* Build configuration list for PBXNativeTarget "FindMyAgeeTests" */ = {
			isa = XCConfigurationList;
			buildConfigurations = (
				31F9592827303A3900BF0256 /* Debug */,
				31F9592927303A3900BF0256 /* Release */,
			);
			defaultConfigurationIsVisible = 0;
			defaultConfigurationName = Release;
		};
		31F9592A27303A3900BF0256 /* Build configuration list for PBXNativeTarget "FindMyAgeeUITests" */ = {
			isa = XCConfigurationList;
			buildConfigurations = (
				31F9592B27303A3900BF0256 /* Debug */,
				31F9592C27303A3900BF0256 /* Release */,
			);
			defaultConfigurationIsVisible = 0;
			defaultConfigurationName = Release;
		};
/* End XCConfigurationList section */
	};
	rootObject = 31F958F227303A3700BF0256 /* Project object */;
}
